// !$*UTF8*$!
{
	archiveVersion = 1;
	classes = {
	};
	objectVersion = 50;
	objects = {

/* Begin PBXBuildFile section */
		998D4D64265AF66D00695E3C /* Memory WatchKit App.app in Embed Watch Content */ = {isa = PBXBuildFile; fileRef = 998D4D63265AF66D00695E3C /* Memory WatchKit App.app */; settings = {ATTRIBUTES = (RemoveHeadersOnCopy, ); }; };
		998D4D69265AF66F00695E3C /* Assets.xcassets in Resources */ = {isa = PBXBuildFile; fileRef = 998D4D68265AF66F00695E3C /* Assets.xcassets */; };
		998D4D70265AF66F00695E3C /* Memory WatchKit Extension.appex in Embed App Extensions */ = {isa = PBXBuildFile; fileRef = 998D4D6F265AF66F00695E3C /* Memory WatchKit Extension.appex */; settings = {ATTRIBUTES = (RemoveHeadersOnCopy, ); }; };
		998D4D75265AF66F00695E3C /* MemoryApp.swift in Sources */ = {isa = PBXBuildFile; fileRef = 998D4D74265AF66F00695E3C /* MemoryApp.swift */; };
		998D4D79265AF66F00695E3C /* NotificationController.swift in Sources */ = {isa = PBXBuildFile; fileRef = 998D4D78265AF66F00695E3C /* NotificationController.swift */; };
		998D4D7B265AF66F00695E3C /* NotificationView.swift in Sources */ = {isa = PBXBuildFile; fileRef = 998D4D7A265AF66F00695E3C /* NotificationView.swift */; };
		998D4D7D265AF66F00695E3C /* ComplicationController.swift in Sources */ = {isa = PBXBuildFile; fileRef = 998D4D7C265AF66F00695E3C /* ComplicationController.swift */; };
		998D4D82265AF67000695E3C /* Preview Assets.xcassets in Resources */ = {isa = PBXBuildFile; fileRef = 998D4D81265AF67000695E3C /* Preview Assets.xcassets */; };
		998D4D96265AF6AD00695E3C /* 342.mp3 in Resources */ = {isa = PBXBuildFile; fileRef = 998D4D92265AF6AD00695E3C /* 342.mp3 */; };
		998D4D97265AF6AD00695E3C /* 457.mp3 in Resources */ = {isa = PBXBuildFile; fileRef = 998D4D93265AF6AD00695E3C /* 457.mp3 */; };
		998D4D98265AF6AD00695E3C /* 228.mp3 in Resources */ = {isa = PBXBuildFile; fileRef = 998D4D94265AF6AD00695E3C /* 228.mp3 */; };
		998D4D99265AF6AD00695E3C /* 272.mp3 in Resources */ = {isa = PBXBuildFile; fileRef = 998D4D95265AF6AD00695E3C /* 272.mp3 */; };
		998D4D9B265AF6B900695E3C /* Models.swift in Sources */ = {isa = PBXBuildFile; fileRef = 998D4D9A265AF6B900695E3C /* Models.swift */; };
		998D4D9D265AF73200695E3C /* ContentView.swift in Sources */ = {isa = PBXBuildFile; fileRef = 998D4D9C265AF73200695E3C /* ContentView.swift */; };
		998D4DA0265AF81B00695E3C /* Assets.xcassets in Resources */ = {isa = PBXBuildFile; fileRef = 998D4D9F265AF81B00695E3C /* Assets.xcassets */; };
/* End PBXBuildFile section */

/* Begin PBXContainerItemProxy section */
		998D4D65265AF66D00695E3C /* PBXContainerItemProxy */ = {
			isa = PBXContainerItemProxy;
			containerPortal = 998D4D59265AF66D00695E3C /* Project object */;
			proxyType = 1;
			remoteGlobalIDString = 998D4D62265AF66D00695E3C;
			remoteInfo = "Memory WatchKit App";
		};
		998D4D71265AF66F00695E3C /* PBXContainerItemProxy */ = {
			isa = PBXContainerItemProxy;
			containerPortal = 998D4D59265AF66D00695E3C /* Project object */;
			proxyType = 1;
			remoteGlobalIDString = 998D4D6E265AF66F00695E3C;
			remoteInfo = "Memory WatchKit Extension";
		};
/* End PBXContainerItemProxy section */

/* Begin PBXCopyFilesBuildPhase section */
		998D4D8A265AF67000695E3C /* Embed App Extensions */ = {
			isa = PBXCopyFilesBuildPhase;
			buildActionMask = 2147483647;
			dstPath = "";
			dstSubfolderSpec = 13;
			files = (
				998D4D70265AF66F00695E3C /* Memory WatchKit Extension.appex in Embed App Extensions */,
			);
			name = "Embed App Extensions";
			runOnlyForDeploymentPostprocessing = 0;
		};
		998D4D8E265AF67000695E3C /* Embed Watch Content */ = {
			isa = PBXCopyFilesBuildPhase;
			buildActionMask = 2147483647;
			dstPath = "$(CONTENTS_FOLDER_PATH)/Watch";
			dstSubfolderSpec = 16;
			files = (
				998D4D64265AF66D00695E3C /* Memory WatchKit App.app in Embed Watch Content */,
			);
			name = "Embed Watch Content";
			runOnlyForDeploymentPostprocessing = 0;
		};
/* End PBXCopyFilesBuildPhase section */

/* Begin PBXFileReference section */
		998D4D5F265AF66D00695E3C /* Memory.app */ = {isa = PBXFileReference; explicitFileType = wrapper.application; includeInIndex = 0; path = Memory.app; sourceTree = BUILT_PRODUCTS_DIR; };
		998D4D63265AF66D00695E3C /* Memory WatchKit App.app */ = {isa = PBXFileReference; explicitFileType = wrapper.application; includeInIndex = 0; path = "Memory WatchKit App.app"; sourceTree = BUILT_PRODUCTS_DIR; };
		998D4D68265AF66F00695E3C /* Assets.xcassets */ = {isa = PBXFileReference; lastKnownFileType = folder.assetcatalog; path = Assets.xcassets; sourceTree = "<group>"; };
		998D4D6A265AF66F00695E3C /* Info.plist */ = {isa = PBXFileReference; lastKnownFileType = text.plist.xml; path = Info.plist; sourceTree = "<group>"; };
		998D4D6F265AF66F00695E3C /* Memory WatchKit Extension.appex */ = {isa = PBXFileReference; explicitFileType = "wrapper.app-extension"; includeInIndex = 0; path = "Memory WatchKit Extension.appex"; sourceTree = BUILT_PRODUCTS_DIR; };
		998D4D74265AF66F00695E3C /* MemoryApp.swift */ = {isa = PBXFileReference; lastKnownFileType = sourcecode.swift; path = MemoryApp.swift; sourceTree = "<group>"; };
		998D4D78265AF66F00695E3C /* NotificationController.swift */ = {isa = PBXFileReference; lastKnownFileType = sourcecode.swift; path = NotificationController.swift; sourceTree = "<group>"; };
		998D4D7A265AF66F00695E3C /* NotificationView.swift */ = {isa = PBXFileReference; lastKnownFileType = sourcecode.swift; path = NotificationView.swift; sourceTree = "<group>"; };
		998D4D7C265AF66F00695E3C /* ComplicationController.swift */ = {isa = PBXFileReference; lastKnownFileType = sourcecode.swift; path = ComplicationController.swift; sourceTree = "<group>"; };
		998D4D81265AF67000695E3C /* Preview Assets.xcassets */ = {isa = PBXFileReference; lastKnownFileType = folder.assetcatalog; path = "Preview Assets.xcassets"; sourceTree = "<group>"; };
		998D4D83265AF67000695E3C /* Info.plist */ = {isa = PBXFileReference; lastKnownFileType = text.plist.xml; path = Info.plist; sourceTree = "<group>"; };
		998D4D84265AF67000695E3C /* PushNotificationPayload.apns */ = {isa = PBXFileReference; lastKnownFileType = text; path = PushNotificationPayload.apns; sourceTree = "<group>"; };
		998D4D92265AF6AD00695E3C /* 342.mp3 */ = {isa = PBXFileReference; lastKnownFileType = audio.mp3; path = 342.mp3; sourceTree = "<group>"; };
		998D4D93265AF6AD00695E3C /* 457.mp3 */ = {isa = PBXFileReference; lastKnownFileType = audio.mp3; path = 457.mp3; sourceTree = "<group>"; };
		998D4D94265AF6AD00695E3C /* 228.mp3 */ = {isa = PBXFileReference; lastKnownFileType = audio.mp3; path = 228.mp3; sourceTree = "<group>"; };
		998D4D95265AF6AD00695E3C /* 272.mp3 */ = {isa = PBXFileReference; lastKnownFileType = audio.mp3; path = 272.mp3; sourceTree = "<group>"; };
		998D4D9A265AF6B900695E3C /* Models.swift */ = {isa = PBXFileReference; fileEncoding = 4; lastKnownFileType = sourcecode.swift; path = Models.swift; sourceTree = "<group>"; };
		998D4D9C265AF73200695E3C /* ContentView.swift */ = {isa = PBXFileReference; fileEncoding = 4; lastKnownFileType = sourcecode.swift; name = ContentView.swift; path = "../../Simon/Simon WatchKit Extension/ContentView.swift"; sourceTree = "<group>"; };
		998D4D9F265AF81B00695E3C /* Assets.xcassets */ = {isa = PBXFileReference; lastKnownFileType = folder.assetcatalog; path = Assets.xcassets; sourceTree = "<group>"; };
/* End PBXFileReference section */

/* Begin PBXFrameworksBuildPhase section */
		998D4D6C265AF66F00695E3C /* Frameworks */ = {
			isa = PBXFrameworksBuildPhase;
			buildActionMask = 2147483647;
			files = (
			);
			runOnlyForDeploymentPostprocessing = 0;
		};
/* End PBXFrameworksBuildPhase section */

/* Begin PBXGroup section */
		998D4D58265AF66D00695E3C = {
			isa = PBXGroup;
			children = (
				998D4D67265AF66D00695E3C /* Memory WatchKit App */,
				998D4D73265AF66F00695E3C /* Memory WatchKit Extension */,
				998D4D60265AF66D00695E3C /* Products */,
			);
			sourceTree = "<group>";
		};
		998D4D60265AF66D00695E3C /* Products */ = {
			isa = PBXGroup;
			children = (
				998D4D5F265AF66D00695E3C /* Memory.app */,
				998D4D63265AF66D00695E3C /* Memory WatchKit App.app */,
				998D4D6F265AF66F00695E3C /* Memory WatchKit Extension.appex */,
			);
			name = Products;
			sourceTree = "<group>";
		};
		998D4D67265AF66D00695E3C /* Memory WatchKit App */ = {
			isa = PBXGroup;
			children = (
				998D4D68265AF66F00695E3C /* Assets.xcassets */,
				998D4D6A265AF66F00695E3C /* Info.plist */,
			);
			path = "Memory WatchKit App";
			sourceTree = "<group>";
		};
		998D4D73265AF66F00695E3C /* Memory WatchKit Extension */ = {
			isa = PBXGroup;
			children = (
				998D4D9E265AF7A700695E3C /* sounds */,
				998D4D9A265AF6B900695E3C /* Models.swift */,
				998D4D74265AF66F00695E3C /* MemoryApp.swift */,
				998D4D9C265AF73200695E3C /* ContentView.swift */,
				998D4D78265AF66F00695E3C /* NotificationController.swift */,
				998D4D7A265AF66F00695E3C /* NotificationView.swift */,
				998D4D7C265AF66F00695E3C /* ComplicationController.swift */,
				998D4D9F265AF81B00695E3C /* Assets.xcassets */,
				998D4D83265AF67000695E3C /* Info.plist */,
				998D4D84265AF67000695E3C /* PushNotificationPayload.apns */,
				998D4D80265AF67000695E3C /* Preview Content */,
			);
			path = "Memory WatchKit Extension";
			sourceTree = "<group>";
		};
		998D4D80265AF67000695E3C /* Preview Content */ = {
			isa = PBXGroup;
			children = (
				998D4D81265AF67000695E3C /* Preview Assets.xcassets */,
			);
			path = "Preview Content";
			sourceTree = "<group>";
		};
		998D4D9E265AF7A700695E3C /* sounds */ = {
			isa = PBXGroup;
			children = (
				998D4D94265AF6AD00695E3C /* 228.mp3 */,
				998D4D95265AF6AD00695E3C /* 272.mp3 */,
				998D4D92265AF6AD00695E3C /* 342.mp3 */,
				998D4D93265AF6AD00695E3C /* 457.mp3 */,
			);
			path = sounds;
			sourceTree = "<group>";
		};
/* End PBXGroup section */

/* Begin PBXNativeTarget section */
		998D4D5E265AF66D00695E3C /* Memory */ = {
			isa = PBXNativeTarget;
			buildConfigurationList = 998D4D8F265AF67000695E3C /* Build configuration list for PBXNativeTarget "Memory" */;
			buildPhases = (
				998D4D5D265AF66D00695E3C /* Resources */,
				998D4D8E265AF67000695E3C /* Embed Watch Content */,
			);
			buildRules = (
			);
			dependencies = (
				998D4D66265AF66D00695E3C /* PBXTargetDependency */,
			);
			name = Memory;
			productName = Memory;
			productReference = 998D4D5F265AF66D00695E3C /* Memory.app */;
			productType = "com.apple.product-type.application.watchapp2-container";
		};
		998D4D62265AF66D00695E3C /* Memory WatchKit App */ = {
			isa = PBXNativeTarget;
			buildConfigurationList = 998D4D8B265AF67000695E3C /* Build configuration list for PBXNativeTarget "Memory WatchKit App" */;
			buildPhases = (
				998D4D61265AF66D00695E3C /* Resources */,
				998D4D8A265AF67000695E3C /* Embed App Extensions */,
			);
			buildRules = (
			);
			dependencies = (
				998D4D72265AF66F00695E3C /* PBXTargetDependency */,
			);
			name = "Memory WatchKit App";
			productName = "Memory WatchKit App";
			productReference = 998D4D63265AF66D00695E3C /* Memory WatchKit App.app */;
			productType = "com.apple.product-type.application.watchapp2";
		};
		998D4D6E265AF66F00695E3C /* Memory WatchKit Extension */ = {
			isa = PBXNativeTarget;
			buildConfigurationList = 998D4D87265AF67000695E3C /* Build configuration list for PBXNativeTarget "Memory WatchKit Extension" */;
			buildPhases = (
				998D4D6B265AF66F00695E3C /* Sources */,
				998D4D6C265AF66F00695E3C /* Frameworks */,
				998D4D6D265AF66F00695E3C /* Resources */,
			);
			buildRules = (
			);
			dependencies = (
			);
			name = "Memory WatchKit Extension";
			productName = "Memory WatchKit Extension";
			productReference = 998D4D6F265AF66F00695E3C /* Memory WatchKit Extension.appex */;
			productType = "com.apple.product-type.watchkit2-extension";
		};
/* End PBXNativeTarget section */

/* Begin PBXProject section */
		998D4D59265AF66D00695E3C /* Project object */ = {
			isa = PBXProject;
			attributes = {
				LastSwiftUpdateCheck = 1250;
				LastUpgradeCheck = 1250;
				TargetAttributes = {
					998D4D5E265AF66D00695E3C = {
						CreatedOnToolsVersion = 12.5;
					};
					998D4D62265AF66D00695E3C = {
						CreatedOnToolsVersion = 12.5;
					};
					998D4D6E265AF66F00695E3C = {
						CreatedOnToolsVersion = 12.5;
					};
				};
			};
			buildConfigurationList = 998D4D5C265AF66D00695E3C /* Build configuration list for PBXProject "Memory" */;
			compatibilityVersion = "Xcode 9.3";
			developmentRegion = en;
			hasScannedForEncodings = 0;
			knownRegions = (
				en,
				Base,
			);
			mainGroup = 998D4D58265AF66D00695E3C;
			productRefGroup = 998D4D60265AF66D00695E3C /* Products */;
			projectDirPath = "";
			projectRoot = "";
			targets = (
				998D4D5E265AF66D00695E3C /* Memory */,
				998D4D62265AF66D00695E3C /* Memory WatchKit App */,
				998D4D6E265AF66F00695E3C /* Memory WatchKit Extension */,
			);
		};
/* End PBXProject section */

/* Begin PBXResourcesBuildPhase section */
		998D4D5D265AF66D00695E3C /* Resources */ = {
			isa = PBXResourcesBuildPhase;
			buildActionMask = 2147483647;
			files = (
			);
			runOnlyForDeploymentPostprocessing = 0;
		};
		998D4D61265AF66D00695E3C /* Resources */ = {
			isa = PBXResourcesBuildPhase;
			buildActionMask = 2147483647;
			files = (
				998D4D69265AF66F00695E3C /* Assets.xcassets in Resources */,
			);
			runOnlyForDeploymentPostprocessing = 0;
		};
		998D4D6D265AF66F00695E3C /* Resources */ = {
			isa = PBXResourcesBuildPhase;
			buildActionMask = 2147483647;
			files = (
				998D4D99265AF6AD00695E3C /* 272.mp3 in Resources */,
				998D4D98265AF6AD00695E3C /* 228.mp3 in Resources */,
				998D4D96265AF6AD00695E3C /* 342.mp3 in Resources */,
				998D4D97265AF6AD00695E3C /* 457.mp3 in Resources */,
				998D4DA0265AF81B00695E3C /* Assets.xcassets in Resources */,
				998D4D82265AF67000695E3C /* Preview Assets.xcassets in Resources */,
			);
			runOnlyForDeploymentPostprocessing = 0;
		};
/* End PBXResourcesBuildPhase section */

/* Begin PBXSourcesBuildPhase section */
		998D4D6B265AF66F00695E3C /* Sources */ = {
			isa = PBXSourcesBuildPhase;
			buildActionMask = 2147483647;
			files = (
				998D4D79265AF66F00695E3C /* NotificationController.swift in Sources */,
				998D4D9D265AF73200695E3C /* ContentView.swift in Sources */,
				998D4D7D265AF66F00695E3C /* ComplicationController.swift in Sources */,
				998D4D9B265AF6B900695E3C /* Models.swift in Sources */,
				998D4D75265AF66F00695E3C /* MemoryApp.swift in Sources */,
				998D4D7B265AF66F00695E3C /* NotificationView.swift in Sources */,
			);
			runOnlyForDeploymentPostprocessing = 0;
		};
/* End PBXSourcesBuildPhase section */

/* Begin PBXTargetDependency section */
		998D4D66265AF66D00695E3C /* PBXTargetDependency */ = {
			isa = PBXTargetDependency;
			target = 998D4D62265AF66D00695E3C /* Memory WatchKit App */;
			targetProxy = 998D4D65265AF66D00695E3C /* PBXContainerItemProxy */;
		};
		998D4D72265AF66F00695E3C /* PBXTargetDependency */ = {
			isa = PBXTargetDependency;
			target = 998D4D6E265AF66F00695E3C /* Memory WatchKit Extension */;
			targetProxy = 998D4D71265AF66F00695E3C /* PBXContainerItemProxy */;
		};
/* End PBXTargetDependency section */

/* Begin XCBuildConfiguration section */
		998D4D85265AF67000695E3C /* Debug */ = {
			isa = XCBuildConfiguration;
			buildSettings = {
				ALWAYS_SEARCH_USER_PATHS = NO;
				CLANG_ANALYZER_NONNULL = YES;
				CLANG_ANALYZER_NUMBER_OBJECT_CONVERSION = YES_AGGRESSIVE;
				CLANG_CXX_LANGUAGE_STANDARD = "gnu++14";
				CLANG_CXX_LIBRARY = "libc++";
				CLANG_ENABLE_MODULES = YES;
				CLANG_ENABLE_OBJC_ARC = YES;
				CLANG_ENABLE_OBJC_WEAK = YES;
				CLANG_WARN_BLOCK_CAPTURE_AUTORELEASING = YES;
				CLANG_WARN_BOOL_CONVERSION = YES;
				CLANG_WARN_COMMA = YES;
				CLANG_WARN_CONSTANT_CONVERSION = YES;
				CLANG_WARN_DEPRECATED_OBJC_IMPLEMENTATIONS = YES;
				CLANG_WARN_DIRECT_OBJC_ISA_USAGE = YES_ERROR;
				CLANG_WARN_DOCUMENTATION_COMMENTS = YES;
				CLANG_WARN_EMPTY_BODY = YES;
				CLANG_WARN_ENUM_CONVERSION = YES;
				CLANG_WARN_INFINITE_RECURSION = YES;
				CLANG_WARN_INT_CONVERSION = YES;
				CLANG_WARN_NON_LITERAL_NULL_CONVERSION = YES;
				CLANG_WARN_OBJC_IMPLICIT_RETAIN_SELF = YES;
				CLANG_WARN_OBJC_LITERAL_CONVERSION = YES;
				CLANG_WARN_OBJC_ROOT_CLASS = YES_ERROR;
				CLANG_WARN_QUOTED_INCLUDE_IN_FRAMEWORK_HEADER = YES;
				CLANG_WARN_RANGE_LOOP_ANALYSIS = YES;
				CLANG_WARN_STRICT_PROTOTYPES = YES;
				CLANG_WARN_SUSPICIOUS_MOVE = YES;
				CLANG_WARN_UNGUARDED_AVAILABILITY = YES_AGGRESSIVE;
				CLANG_WARN_UNREACHABLE_CODE = YES;
				CLANG_WARN__DUPLICATE_METHOD_MATCH = YES;
				COPY_PHASE_STRIP = NO;
				DEBUG_INFORMATION_FORMAT = dwarf;
				ENABLE_STRICT_OBJC_MSGSEND = YES;
				ENABLE_TESTABILITY = YES;
				GCC_C_LANGUAGE_STANDARD = gnu11;
				GCC_DYNAMIC_NO_PIC = NO;
				GCC_NO_COMMON_BLOCKS = YES;
				GCC_OPTIMIZATION_LEVEL = 0;
				GCC_PREPROCESSOR_DEFINITIONS = (
					"DEBUG=1",
					"$(inherited)",
				);
				GCC_WARN_64_TO_32_BIT_CONVERSION = YES;
				GCC_WARN_ABOUT_RETURN_TYPE = YES_ERROR;
				GCC_WARN_UNDECLARED_SELECTOR = YES;
				GCC_WARN_UNINITIALIZED_AUTOS = YES_AGGRESSIVE;
				GCC_WARN_UNUSED_FUNCTION = YES;
				GCC_WARN_UNUSED_VARIABLE = YES;
				MTL_ENABLE_DEBUG_INFO = INCLUDE_SOURCE;
				MTL_FAST_MATH = YES;
				ONLY_ACTIVE_ARCH = YES;
				SDKROOT = iphoneos;
				SWIFT_ACTIVE_COMPILATION_CONDITIONS = DEBUG;
				SWIFT_OPTIMIZATION_LEVEL = "-Onone";
			};
			name = Debug;
		};
		998D4D86265AF67000695E3C /* Release */ = {
			isa = XCBuildConfiguration;
			buildSettings = {
				ALWAYS_SEARCH_USER_PATHS = NO;
				CLANG_ANALYZER_NONNULL = YES;
				CLANG_ANALYZER_NUMBER_OBJECT_CONVERSION = YES_AGGRESSIVE;
				CLANG_CXX_LANGUAGE_STANDARD = "gnu++14";
				CLANG_CXX_LIBRARY = "libc++";
				CLANG_ENABLE_MODULES = YES;
				CLANG_ENABLE_OBJC_ARC = YES;
				CLANG_ENABLE_OBJC_WEAK = YES;
				CLANG_WARN_BLOCK_CAPTURE_AUTORELEASING = YES;
				CLANG_WARN_BOOL_CONVERSION = YES;
				CLANG_WARN_COMMA = YES;
				CLANG_WARN_CONSTANT_CONVERSION = YES;
				CLANG_WARN_DEPRECATED_OBJC_IMPLEMENTATIONS = YES;
				CLANG_WARN_DIRECT_OBJC_ISA_USAGE = YES_ERROR;
				CLANG_WARN_DOCUMENTATION_COMMENTS = YES;
				CLANG_WARN_EMPTY_BODY = YES;
				CLANG_WARN_ENUM_CONVERSION = YES;
				CLANG_WARN_INFINITE_RECURSION = YES;
				CLANG_WARN_INT_CONVERSION = YES;
				CLANG_WARN_NON_LITERAL_NULL_CONVERSION = YES;
				CLANG_WARN_OBJC_IMPLICIT_RETAIN_SELF = YES;
				CLANG_WARN_OBJC_LITERAL_CONVERSION = YES;
				CLANG_WARN_OBJC_ROOT_CLASS = YES_ERROR;
				CLANG_WARN_QUOTED_INCLUDE_IN_FRAMEWORK_HEADER = YES;
				CLANG_WARN_RANGE_LOOP_ANALYSIS = YES;
				CLANG_WARN_STRICT_PROTOTYPES = YES;
				CLANG_WARN_SUSPICIOUS_MOVE = YES;
				CLANG_WARN_UNGUARDED_AVAILABILITY = YES_AGGRESSIVE;
				CLANG_WARN_UNREACHABLE_CODE = YES;
				CLANG_WARN__DUPLICATE_METHOD_MATCH = YES;
				COPY_PHASE_STRIP = NO;
				DEBUG_INFORMATION_FORMAT = "dwarf-with-dsym";
				ENABLE_NS_ASSERTIONS = NO;
				ENABLE_STRICT_OBJC_MSGSEND = YES;
				GCC_C_LANGUAGE_STANDARD = gnu11;
				GCC_NO_COMMON_BLOCKS = YES;
				GCC_WARN_64_TO_32_BIT_CONVERSION = YES;
				GCC_WARN_ABOUT_RETURN_TYPE = YES_ERROR;
				GCC_WARN_UNDECLARED_SELECTOR = YES;
				GCC_WARN_UNINITIALIZED_AUTOS = YES_AGGRESSIVE;
				GCC_WARN_UNUSED_FUNCTION = YES;
				GCC_WARN_UNUSED_VARIABLE = YES;
				MTL_ENABLE_DEBUG_INFO = NO;
				MTL_FAST_MATH = YES;
				SDKROOT = iphoneos;
				SWIFT_COMPILATION_MODE = wholemodule;
				SWIFT_OPTIMIZATION_LEVEL = "-O";
				VALIDATE_PRODUCT = YES;
			};
			name = Release;
		};
		998D4D88265AF67000695E3C /* Debug */ = {
			isa = XCBuildConfiguration;
			buildSettings = {
				ASSETCATALOG_COMPILER_COMPLICATION_NAME = Complication;
				CODE_SIGN_STYLE = Automatic;
				DEVELOPMENT_ASSET_PATHS = "\"Memory WatchKit Extension/Preview Content\"";
				DEVELOPMENT_TEAM = 958TZ6NLCD;
				ENABLE_PREVIEWS = YES;
				INFOPLIST_FILE = "Memory WatchKit Extension/Info.plist";
				LD_RUNPATH_SEARCH_PATHS = (
					"$(inherited)",
					"@executable_path/Frameworks",
					"@executable_path/../../Frameworks",
				);
				PRODUCT_BUNDLE_IDENTIFIER = com.frias.Memory.watchkitapp.watchkitextension;
				PRODUCT_NAME = "${TARGET_NAME}";
				SDKROOT = watchos;
				SKIP_INSTALL = YES;
				SWIFT_VERSION = 5.0;
				TARGETED_DEVICE_FAMILY = 4;
				WATCHOS_DEPLOYMENT_TARGET = 7.4;
			};
			name = Debug;
		};
		998D4D89265AF67000695E3C /* Release */ = {
			isa = XCBuildConfiguration;
			buildSettings = {
				ASSETCATALOG_COMPILER_COMPLICATION_NAME = Complication;
				CODE_SIGN_STYLE = Automatic;
				DEVELOPMENT_ASSET_PATHS = "\"Memory WatchKit Extension/Preview Content\"";
				DEVELOPMENT_TEAM = 958TZ6NLCD;
				ENABLE_PREVIEWS = YES;
				INFOPLIST_FILE = "Memory WatchKit Extension/Info.plist";
				LD_RUNPATH_SEARCH_PATHS = (
					"$(inherited)",
					"@executable_path/Frameworks",
					"@executable_path/../../Frameworks",
				);
				PRODUCT_BUNDLE_IDENTIFIER = com.frias.Memory.watchkitapp.watchkitextension;
				PRODUCT_NAME = "${TARGET_NAME}";
				SDKROOT = watchos;
				SKIP_INSTALL = YES;
				SWIFT_VERSION = 5.0;
				TARGETED_DEVICE_FAMILY = 4;
				WATCHOS_DEPLOYMENT_TARGET = 7.4;
			};
			name = Release;
		};
		998D4D8C265AF67000695E3C /* Debug */ = {
			isa = XCBuildConfiguration;
			buildSettings = {
				ALWAYS_EMBED_SWIFT_STANDARD_LIBRARIES = YES;
				ASSETCATALOG_COMPILER_APPICON_NAME = AppIcon;
				ASSETCATALOG_COMPILER_GLOBAL_ACCENT_COLOR_NAME = AccentColor;
				CODE_SIGN_STYLE = Automatic;
				DEVELOPMENT_TEAM = 958TZ6NLCD;
				IBSC_MODULE = Memory_WatchKit_Extension;
				INFOPLIST_FILE = "Memory WatchKit App/Info.plist";
				PRODUCT_BUNDLE_IDENTIFIER = com.frias.Memory.watchkitapp;
				PRODUCT_NAME = "$(TARGET_NAME)";
				SDKROOT = watchos;
				SKIP_INSTALL = YES;
				SWIFT_VERSION = 5.0;
				TARGETED_DEVICE_FAMILY = 4;
				WATCHOS_DEPLOYMENT_TARGET = 7.4;
			};
			name = Debug;
		};
		998D4D8D265AF67000695E3C /* Release */ = {
			isa = XCBuildConfiguration;
			buildSettings = {
				ALWAYS_EMBED_SWIFT_STANDARD_LIBRARIES = YES;
				ASSETCATALOG_COMPILER_APPICON_NAME = AppIcon;
				ASSETCATALOG_COMPILER_GLOBAL_ACCENT_COLOR_NAME = AccentColor;
				CODE_SIGN_STYLE = Automatic;
				DEVELOPMENT_TEAM = 958TZ6NLCD;
				IBSC_MODULE = Memory_WatchKit_Extension;
				INFOPLIST_FILE = "Memory WatchKit App/Info.plist";
				PRODUCT_BUNDLE_IDENTIFIER = com.frias.Memory.watchkitapp;
				PRODUCT_NAME = "$(TARGET_NAME)";
				SDKROOT = watchos;
				SKIP_INSTALL = YES;
				SWIFT_VERSION = 5.0;
				TARGETED_DEVICE_FAMILY = 4;
				WATCHOS_DEPLOYMENT_TARGET = 7.4;
			};
			name = Release;
		};
		998D4D90265AF67000695E3C /* Debug */ = {
			isa = XCBuildConfiguration;
			buildSettings = {
				CODE_SIGN_STYLE = Automatic;
				CURRENT_PROJECT_VERSION = 1;
				DEVELOPMENT_TEAM = 958TZ6NLCD;
				MARKETING_VERSION = 1.0;
				PRODUCT_BUNDLE_IDENTIFIER = com.frias.Memory;
				PRODUCT_NAME = "$(TARGET_NAME)";
				SWIFT_VERSION = 5.0;
			};
			name = Debug;
		};
		998D4D91265AF67000695E3C /* Release */ = {
			isa = XCBuildConfiguration;
			buildSettings = {
				CODE_SIGN_STYLE = Automatic;
				CURRENT_PROJECT_VERSION = 1;
				DEVELOPMENT_TEAM = 958TZ6NLCD;
				MARKETING_VERSION = 1.0;
				PRODUCT_BUNDLE_IDENTIFIER = com.frias.Memory;
				PRODUCT_NAME = "$(TARGET_NAME)";
				SWIFT_VERSION = 5.0;
			};
			name = Release;
		};
/* End XCBuildConfiguration section */

/* Begin XCConfigurationList section */
		998D4D5C265AF66D00695E3C /* Build configuration list for PBXProject "Memory" */ = {
			isa = XCConfigurationList;
			buildConfigurations = (
				998D4D85265AF67000695E3C /* Debug */,
				998D4D86265AF67000695E3C /* Release */,
			);
			defaultConfigurationIsVisible = 0;
			defaultConfigurationName = Release;
		};
		998D4D87265AF67000695E3C /* Build configuration list for PBXNativeTarget "Memory WatchKit Extension" */ = {
			isa = XCConfigurationList;
			buildConfigurations = (
				998D4D88265AF67000695E3C /* Debug */,
				998D4D89265AF67000695E3C /* Release */,
			);
			defaultConfigurationIsVisible = 0;
			defaultConfigurationName = Release;
		};
		998D4D8B265AF67000695E3C /* Build configuration list for PBXNativeTarget "Memory WatchKit App" */ = {
			isa = XCConfigurationList;
			buildConfigurations = (
				998D4D8C265AF67000695E3C /* Debug */,
				998D4D8D265AF67000695E3C /* Release */,
			);
			defaultConfigurationIsVisible = 0;
			defaultConfigurationName = Release;
		};
		998D4D8F265AF67000695E3C /* Build configuration list for PBXNativeTarget "Memory" */ = {
			isa = XCConfigurationList;
			buildConfigurations = (
				998D4D90265AF67000695E3C /* Debug */,
				998D4D91265AF67000695E3C /* Release */,
			);
			defaultConfigurationIsVisible = 0;
			defaultConfigurationName = Release;
		};
/* End XCConfigurationList section */
	};
	rootObject = 998D4D59265AF66D00695E3C /* Project object */;
}
